// !$*UTF8*$!
{
	archiveVersion = 1;
	classes = {
	};
	objectVersion = 46;
	objects = {

/* Begin PBXBuildFile section */
		9C60B55F1B28D925000D930E /* FloatingMenuController.m in Sources */ = {isa = PBXBuildFile; fileRef = 9C60B55E1B28D925000D930E /* FloatingMenuController.m */; };
		9C60B5611B29111D000D930E /* QuartzCore.framework in Frameworks */ = {isa = PBXBuildFile; fileRef = 9C60B5601B29111D000D930E /* QuartzCore.framework */; };
		9C8BB7301B28B4F4003B7AFE /* main.m in Sources */ = {isa = PBXBuildFile; fileRef = 9C8BB72F1B28B4F4003B7AFE /* main.m */; };
		9C8BB7331B28B4F4003B7AFE /* AppDelegate.m in Sources */ = {isa = PBXBuildFile; fileRef = 9C8BB7321B28B4F4003B7AFE /* AppDelegate.m */; };
		9C8BB7361B28B4F4003B7AFE /* ViewController.m in Sources */ = {isa = PBXBuildFile; fileRef = 9C8BB7351B28B4F4003B7AFE /* ViewController.m */; };
		9C8BB7391B28B4F4003B7AFE /* Main.storyboard in Resources */ = {isa = PBXBuildFile; fileRef = 9C8BB7371B28B4F4003B7AFE /* Main.storyboard */; };
		9C8BB73B1B28B4F4003B7AFE /* Images.xcassets in Resources */ = {isa = PBXBuildFile; fileRef = 9C8BB73A1B28B4F4003B7AFE /* Images.xcassets */; };
		9C8BB73E1B28B4F4003B7AFE /* LaunchScreen.xib in Resources */ = {isa = PBXBuildFile; fileRef = 9C8BB73C1B28B4F4003B7AFE /* LaunchScreen.xib */; };
		9C8BB74A1B28B4F4003B7AFE /* FloatingHeadsTests.m in Sources */ = {isa = PBXBuildFile; fileRef = 9C8BB7491B28B4F4003B7AFE /* FloatingHeadsTests.m */; };
		9C8BB7551B28B874003B7AFE /* FloatingButton.m in Sources */ = {isa = PBXBuildFile; fileRef = 9C8BB7541B28B874003B7AFE /* FloatingButton.m */; };
		9C8BB7591B28C57F003B7AFE /* UIColor+flatColor.m in Sources */ = {isa = PBXBuildFile; fileRef = 9C8BB7581B28C57F003B7AFE /* UIColor+flatColor.m */; };
/* End PBXBuildFile section */

/* Begin PBXContainerItemProxy section */
		9C8BB7441B28B4F4003B7AFE /* PBXContainerItemProxy */ = {
			isa = PBXContainerItemProxy;
			containerPortal = 9C8BB7221B28B4F4003B7AFE /* Project object */;
			proxyType = 1;
			remoteGlobalIDString = 9C8BB7291B28B4F4003B7AFE;
			remoteInfo = FloatingHeads;
		};
/* End PBXContainerItemProxy section */

/* Begin PBXFileReference section */
		9C60B55D1B28D925000D930E /* FloatingMenuController.h */ = {isa = PBXFileReference; fileEncoding = 4; lastKnownFileType = sourcecode.c.h; path = FloatingMenuController.h; sourceTree = "<group>"; };
		9C60B55E1B28D925000D930E /* FloatingMenuController.m */ = {isa = PBXFileReference; fileEncoding = 4; lastKnownFileType = sourcecode.c.objc; path = FloatingMenuController.m; sourceTree = "<group>"; };
		9C60B5601B29111D000D930E /* QuartzCore.framework */ = {isa = PBXFileReference; lastKnownFileType = wrapper.framework; name = QuartzCore.framework; path = System/Library/Frameworks/QuartzCore.framework; sourceTree = SDKROOT; };
		9C8BB72A1B28B4F4003B7AFE /* FloatingHeads.app */ = {isa = PBXFileReference; explicitFileType = wrapper.application; includeInIndex = 0; path = FloatingHeads.app; sourceTree = BUILT_PRODUCTS_DIR; };
		9C8BB72E1B28B4F4003B7AFE /* Info.plist */ = {isa = PBXFileReference; lastKnownFileType = text.plist.xml; path = Info.plist; sourceTree = "<group>"; };
		9C8BB72F1B28B4F4003B7AFE /* main.m */ = {isa = PBXFileReference; lastKnownFileType = sourcecode.c.objc; path = main.m; sourceTree = "<group>"; };
		9C8BB7311B28B4F4003B7AFE /* AppDelegate.h */ = {isa = PBXFileReference; lastKnownFileType = sourcecode.c.h; path = AppDelegate.h; sourceTree = "<group>"; };
		9C8BB7321B28B4F4003B7AFE /* AppDelegate.m */ = {isa = PBXFileReference; lastKnownFileType = sourcecode.c.objc; path = AppDelegate.m; sourceTree = "<group>"; };
		9C8BB7341B28B4F4003B7AFE /* ViewController.h */ = {isa = PBXFileReference; lastKnownFileType = sourcecode.c.h; path = ViewController.h; sourceTree = "<group>"; };
		9C8BB7351B28B4F4003B7AFE /* ViewController.m */ = {isa = PBXFileReference; lastKnownFileType = sourcecode.c.objc; path = ViewController.m; sourceTree = "<group>"; };
		9C8BB7381B28B4F4003B7AFE /* Base */ = {isa = PBXFileReference; lastKnownFileType = file.storyboard; name = Base; path = Base.lproj/Main.storyboard; sourceTree = "<group>"; };
		9C8BB73A1B28B4F4003B7AFE /* Images.xcassets */ = {isa = PBXFileReference; lastKnownFileType = folder.assetcatalog; path = Images.xcassets; sourceTree = "<group>"; };
		9C8BB73D1B28B4F4003B7AFE /* Base */ = {isa = PBXFileReference; lastKnownFileType = file.xib; name = Base; path = Base.lproj/LaunchScreen.xib; sourceTree = "<group>"; };
		9C8BB7431B28B4F4003B7AFE /* FloatingHeadsTests.xctest */ = {isa = PBXFileReference; explicitFileType = wrapper.cfbundle; includeInIndex = 0; path = FloatingHeadsTests.xctest; sourceTree = BUILT_PRODUCTS_DIR; };
		9C8BB7481B28B4F4003B7AFE /* Info.plist */ = {isa = PBXFileReference; lastKnownFileType = text.plist.xml; path = Info.plist; sourceTree = "<group>"; };
		9C8BB7491B28B4F4003B7AFE /* FloatingHeadsTests.m */ = {isa = PBXFileReference; lastKnownFileType = sourcecode.c.objc; path = FloatingHeadsTests.m; sourceTree = "<group>"; };
		9C8BB7531B28B874003B7AFE /* FloatingButton.h */ = {isa = PBXFileReference; fileEncoding = 4; lastKnownFileType = sourcecode.c.h; path = FloatingButton.h; sourceTree = "<group>"; };
		9C8BB7541B28B874003B7AFE /* FloatingButton.m */ = {isa = PBXFileReference; fileEncoding = 4; lastKnownFileType = sourcecode.c.objc; path = FloatingButton.m; sourceTree = "<group>"; };
		9C8BB7571B28C57F003B7AFE /* UIColor+flatColor.h */ = {isa = PBXFileReference; fileEncoding = 4; lastKnownFileType = sourcecode.c.h; path = "UIColor+flatColor.h"; sourceTree = "<group>"; };
		9C8BB7581B28C57F003B7AFE /* UIColor+flatColor.m */ = {isa = PBXFileReference; fileEncoding = 4; lastKnownFileType = sourcecode.c.objc; path = "UIColor+flatColor.m"; sourceTree = "<group>"; };
/* End PBXFileReference section */

/* Begin PBXFrameworksBuildPhase section */
		9C8BB7271B28B4F4003B7AFE /* Frameworks */ = {
			isa = PBXFrameworksBuildPhase;
			buildActionMask = 2147483647;
			files = (
				9C60B5611B29111D000D930E /* QuartzCore.framework in Frameworks */,
			);
			runOnlyForDeploymentPostprocessing = 0;
		};
		9C8BB7401B28B4F4003B7AFE /* Frameworks */ = {
			isa = PBXFrameworksBuildPhase;
			buildActionMask = 2147483647;
			files = (
			);
			runOnlyForDeploymentPostprocessing = 0;
		};
/* End PBXFrameworksBuildPhase section */

/* Begin PBXGroup section */
		9C8BB7211B28B4F4003B7AFE = {
			isa = PBXGroup;
			children = (
				9C60B5601B29111D000D930E /* QuartzCore.framework */,
				9C8BB72C1B28B4F4003B7AFE /* FloatingHeads */,
				9C8BB7461B28B4F4003B7AFE /* FloatingHeadsTests */,
				9C8BB72B1B28B4F4003B7AFE /* Products */,
			);
			sourceTree = "<group>";
		};
		9C8BB72B1B28B4F4003B7AFE /* Products */ = {
			isa = PBXGroup;
			children = (
				9C8BB72A1B28B4F4003B7AFE /* FloatingHeads.app */,
				9C8BB7431B28B4F4003B7AFE /* FloatingHeadsTests.xctest */,
			);
			name = Products;
			sourceTree = "<group>";
		};
		9C8BB72C1B28B4F4003B7AFE /* FloatingHeads */ = {
			isa = PBXGroup;
			children = (
				9C8BB7311B28B4F4003B7AFE /* AppDelegate.h */,
				9C8BB7321B28B4F4003B7AFE /* AppDelegate.m */,
				9C8BB7341B28B4F4003B7AFE /* ViewController.h */,
				9C8BB7351B28B4F4003B7AFE /* ViewController.m */,
				9C60B55D1B28D925000D930E /* FloatingMenuController.h */,
				9C60B55E1B28D925000D930E /* FloatingMenuController.m */,
				9C8BB7531B28B874003B7AFE /* FloatingButton.h */,
				9C8BB7541B28B874003B7AFE /* FloatingButton.m */,
				9C8BB7571B28C57F003B7AFE /* UIColor+flatColor.h */,
				9C8BB7581B28C57F003B7AFE /* UIColor+flatColor.m */,
				9C8BB7371B28B4F4003B7AFE /* Main.storyboard */,
				9C8BB73A1B28B4F4003B7AFE /* Images.xcassets */,
				9C8BB73C1B28B4F4003B7AFE /* LaunchScreen.xib */,
				9C8BB72D1B28B4F4003B7AFE /* Supporting Files */,
			);
			path = FloatingHeads;
			sourceTree = "<group>";
		};
		9C8BB72D1B28B4F4003B7AFE /* Supporting Files */ = {
			isa = PBXGroup;
			children = (
				9C8BB72E1B28B4F4003B7AFE /* Info.plist */,
				9C8BB72F1B28B4F4003B7AFE /* main.m */,
			);
			name = "Supporting Files";
			sourceTree = "<group>";
		};
		9C8BB7461B28B4F4003B7AFE /* FloatingHeadsTests */ = {
			isa = PBXGroup;
			children = (
				9C8BB7491B28B4F4003B7AFE /* FloatingHeadsTests.m */,
				9C8BB7471B28B4F4003B7AFE /* Supporting Files */,
			);
			path = FloatingHeadsTests;
			sourceTree = "<group>";
		};
		9C8BB7471B28B4F4003B7AFE /* Supporting Files */ = {
			isa = PBXGroup;
			children = (
				9C8BB7481B28B4F4003B7AFE /* Info.plist */,
			);
			name = "Supporting Files";
			sourceTree = "<group>";
		};
/* End PBXGroup section */

/* Begin PBXNativeTarget section */
		9C8BB7291B28B4F4003B7AFE /* FloatingHeads */ = {
			isa = PBXNativeTarget;
			buildConfigurationList = 9C8BB74D1B28B4F4003B7AFE /* Build configuration list for PBXNativeTarget "FloatingHeads" */;
			buildPhases = (
				9C8BB7261B28B4F4003B7AFE /* Sources */,
				9C8BB7271B28B4F4003B7AFE /* Frameworks */,
				9C8BB7281B28B4F4003B7AFE /* Resources */,
			);
			buildRules = (
			);
			dependencies = (
			);
			name = FloatingHeads;
			productName = FloatingHeads;
			productReference = 9C8BB72A1B28B4F4003B7AFE /* FloatingHeads.app */;
			productType = "com.apple.product-type.application";
		};
		9C8BB7421B28B4F4003B7AFE /* FloatingHeadsTests */ = {
			isa = PBXNativeTarget;
			buildConfigurationList = 9C8BB7501B28B4F4003B7AFE /* Build configuration list for PBXNativeTarget "FloatingHeadsTests" */;
			buildPhases = (
				9C8BB73F1B28B4F4003B7AFE /* Sources */,
				9C8BB7401B28B4F4003B7AFE /* Frameworks */,
				9C8BB7411B28B4F4003B7AFE /* Resources */,
			);
			buildRules = (
			);
			dependencies = (
				9C8BB7451B28B4F4003B7AFE /* PBXTargetDependency */,
			);
			name = FloatingHeadsTests;
			productName = FloatingHeadsTests;
			productReference = 9C8BB7431B28B4F4003B7AFE /* FloatingHeadsTests.xctest */;
			productType = "com.apple.product-type.bundle.unit-test";
		};
/* End PBXNativeTarget section */

/* Begin PBXProject section */
		9C8BB7221B28B4F4003B7AFE /* Project object */ = {
			isa = PBXProject;
			attributes = {
				LastUpgradeCheck = 0620;
				ORGANIZATIONNAME = JWANG;
				TargetAttributes = {
					9C8BB7291B28B4F4003B7AFE = {
						CreatedOnToolsVersion = 6.2;
					};
					9C8BB7421B28B4F4003B7AFE = {
						CreatedOnToolsVersion = 6.2;
						TestTargetID = 9C8BB7291B28B4F4003B7AFE;
					};
				};
			};
			buildConfigurationList = 9C8BB7251B28B4F4003B7AFE /* Build configuration list for PBXProject "FloatingHeads" */;
			compatibilityVersion = "Xcode 3.2";
			developmentRegion = English;
			hasScannedForEncodings = 0;
			knownRegions = (
				en,
				Base,
			);
			mainGroup = 9C8BB7211B28B4F4003B7AFE;
			productRefGroup = 9C8BB72B1B28B4F4003B7AFE /* Products */;
			projectDirPath = "";
			projectRoot = "";
			targets = (
				9C8BB7291B28B4F4003B7AFE /* FloatingHeads */,
				9C8BB7421B28B4F4003B7AFE /* FloatingHeadsTests */,
			);
		};
/* End PBXProject section */

/* Begin PBXResourcesBuildPhase section */
		9C8BB7281B28B4F4003B7AFE /* Resources */ = {
			isa = PBXResourcesBuildPhase;
			buildActionMask = 2147483647;
			files = (
				9C8BB7391B28B4F4003B7AFE /* Main.storyboard in Resources */,
				9C8BB73E1B28B4F4003B7AFE /* LaunchScreen.xib in Resources */,
				9C8BB73B1B28B4F4003B7AFE /* Images.xcassets in Resources */,
			);
			runOnlyForDeploymentPostprocessing = 0;
		};
		9C8BB7411B28B4F4003B7AFE /* Resources */ = {
			isa = PBXResourcesBuildPhase;
			buildActionMask = 2147483647;
			files = (
			);
			runOnlyForDeploymentPostprocessing = 0;
		};
/* End PBXResourcesBuildPhase section */

/* Begin PBXSourcesBuildPhase section */
		9C8BB7261B28B4F4003B7AFE /* Sources */ = {
			isa = PBXSourcesBuildPhase;
			buildActionMask = 2147483647;
			files = (
				9C8BB7361B28B4F4003B7AFE /* ViewController.m in Sources */,
				9C8BB7331B28B4F4003B7AFE /* AppDelegate.m in Sources */,
				9C60B55F1B28D925000D930E /* FloatingMenuController.m in Sources */,
				9C8BB7301B28B4F4003B7AFE /* main.m in Sources */,
				9C8BB7591B28C57F003B7AFE /* UIColor+flatColor.m in Sources */,
				9C8BB7551B28B874003B7AFE /* FloatingButton.m in Sources */,
			);
			runOnlyForDeploymentPostprocessing = 0;
		};
		9C8BB73F1B28B4F4003B7AFE /* Sources */ = {
			isa = PBXSourcesBuildPhase;
			buildActionMask = 2147483647;
			files = (
				9C8BB74A1B28B4F4003B7AFE /* FloatingHeadsTests.m in Sources */,
			);
			runOnlyForDeploymentPostprocessing = 0;
		};
/* End PBXSourcesBuildPhase section */

/* Begin PBXTargetDependency section */
		9C8BB7451B28B4F4003B7AFE /* PBXTargetDependency */ = {
			isa = PBXTargetDependency;
			target = 9C8BB7291B28B4F4003B7AFE /* FloatingHeads */;
			targetProxy = 9C8BB7441B28B4F4003B7AFE /* PBXContainerItemProxy */;
		};
/* End PBXTargetDependency section */

/* Begin PBXVariantGroup section */
		9C8BB7371B28B4F4003B7AFE /* Main.storyboard */ = {
			isa = PBXVariantGroup;
			children = (
				9C8BB7381B28B4F4003B7AFE /* Base */,
			);
			name = Main.storyboard;
			sourceTree = "<group>";
		};
		9C8BB73C1B28B4F4003B7AFE /* LaunchScreen.xib */ = {
			isa = PBXVariantGroup;
			children = (
				9C8BB73D1B28B4F4003B7AFE /* Base */,
			);
			name = LaunchScreen.xib;
			sourceTree = "<group>";
		};
/* End PBXVariantGroup section */

/* Begin XCBuildConfiguration section */
		9C8BB74B1B28B4F4003B7AFE /* Debug */ = {
			isa = XCBuildConfiguration;
			buildSettings = {
				ALWAYS_SEARCH_USER_PATHS = NO;
				CLANG_CXX_LANGUAGE_STANDARD = "gnu++0x";
				CLANG_CXX_LIBRARY = "libc++";
				CLANG_ENABLE_MODULES = YES;
				CLANG_ENABLE_OBJC_ARC = YES;
				CLANG_WARN_BOOL_CONVERSION = YES;
				CLANG_WARN_CONSTANT_CONVERSION = YES;
				CLANG_WARN_DIRECT_OBJC_ISA_USAGE = YES_ERROR;
				CLANG_WARN_EMPTY_BODY = YES;
				CLANG_WARN_ENUM_CONVERSION = YES;
				CLANG_WARN_INT_CONVERSION = YES;
				CLANG_WARN_OBJC_ROOT_CLASS = YES_ERROR;
				CLANG_WARN_UNREACHABLE_CODE = YES;
				CLANG_WARN__DUPLICATE_METHOD_MATCH = YES;
				"CODE_SIGN_IDENTITY[sdk=iphoneos*]" = "iPhone Developer";
				COPY_PHASE_STRIP = NO;
				ENABLE_STRICT_OBJC_MSGSEND = YES;
				GCC_C_LANGUAGE_STANDARD = gnu99;
				GCC_DYNAMIC_NO_PIC = NO;
				GCC_OPTIMIZATION_LEVEL = 0;
				GCC_PREPROCESSOR_DEFINITIONS = (
					"DEBUG=1",
					"$(inherited)",
				);
				GCC_SYMBOLS_PRIVATE_EXTERN = NO;
				GCC_WARN_64_TO_32_BIT_CONVERSION = YES;
				GCC_WARN_ABOUT_RETURN_TYPE = YES_ERROR;
				GCC_WARN_UNDECLARED_SELECTOR = YES;
				GCC_WARN_UNINITIALIZED_AUTOS = YES_AGGRESSIVE;
				GCC_WARN_UNUSED_FUNCTION = YES;
				GCC_WARN_UNUSED_VARIABLE = YES;
				IPHONEOS_DEPLOYMENT_TARGET = 8.2;
				MTL_ENABLE_DEBUG_INFO = YES;
				ONLY_ACTIVE_ARCH = YES;
				SDKROOT = iphoneos;
			};
			name = Debug;
		};
		9C8BB74C1B28B4F4003B7AFE /* Release */ = {
			isa = XCBuildConfiguration;
			buildSettings = {
				ALWAYS_SEARCH_USER_PATHS = NO;
				CLANG_CXX_LANGUAGE_STANDARD = "gnu++0x";
				CLANG_CXX_LIBRARY = "libc++";
				CLANG_ENABLE_MODULES = YES;
				CLANG_ENABLE_OBJC_ARC = YES;
				CLANG_WARN_BOOL_CONVERSION = YES;
				CLANG_WARN_CONSTANT_CONVERSION = YES;
				CLANG_WARN_DIRECT_OBJC_ISA_USAGE = YES_ERROR;
				CLANG_WARN_EMPTY_BODY = YES;
				CLANG_WARN_ENUM_CONVERSION = YES;
				CLANG_WARN_INT_CONVERSION = YES;
				CLANG_WARN_OBJC_ROOT_CLASS = YES_ERROR;
				CLANG_WARN_UNREACHABLE_CODE = YES;
				CLANG_WARN__DUPLICATE_METHOD_MATCH = YES;
				"CODE_SIGN_IDENTITY[sdk=iphoneos*]" = "iPhone Developer";
				COPY_PHASE_STRIP = NO;
				ENABLE_NS_ASSERTIONS = NO;
				ENABLE_STRICT_OBJC_MSGSEND = YES;
				GCC_C_LANGUAGE_STANDARD = gnu99;
				GCC_WARN_64_TO_32_BIT_CONVERSION = YES;
				GCC_WARN_ABOUT_RETURN_TYPE = YES_ERROR;
				GCC_WARN_UNDECLARED_SELECTOR = YES;
				GCC_WARN_UNINITIALIZED_AUTOS = YES_AGGRESSIVE;
				GCC_WARN_UNUSED_FUNCTION = YES;
				GCC_WARN_UNUSED_VARIABLE = YES;
				IPHONEOS_DEPLOYMENT_TARGET = 8.2;
				MTL_ENABLE_DEBUG_INFO = NO;
				SDKROOT = iphoneos;
				VALIDATE_PRODUCT = YES;
			};
			name = Release;
		};
		9C8BB74E1B28B4F4003B7AFE /* Debug */ = {
			isa = XCBuildConfiguration;
			buildSettings = {
				ASSETCATALOG_COMPILER_APPICON_NAME = AppIcon;
				INFOPLIST_FILE = FloatingHeads/Info.plist;
				LD_RUNPATH_SEARCH_PATHS = "$(inherited) @executable_path/Frameworks";
				PRODUCT_NAME = "$(TARGET_NAME)";
			};
			name = Debug;
		};
		9C8BB74F1B28B4F4003B7AFE /* Release */ = {
			isa = XCBuildConfiguration;
			buildSettings = {
				ASSETCATALOG_COMPILER_APPICON_NAME = AppIcon;
				INFOPLIST_FILE = FloatingHeads/Info.plist;
				LD_RUNPATH_SEARCH_PATHS = "$(inherited) @executable_path/Frameworks";
				PRODUCT_NAME = "$(TARGET_NAME)";
			};
			name = Release;
		};
		9C8BB7511B28B4F4003B7AFE /* Debug */ = {
			isa = XCBuildConfiguration;
			buildSettings = {
				BUNDLE_LOADER = "$(TEST_HOST)";
				FRAMEWORK_SEARCH_PATHS = (
					"$(SDKROOT)/Developer/Library/Frameworks",
					"$(inherited)",
				);
				GCC_PREPROCESSOR_DEFINITIONS = (
					"DEBUG=1",
					"$(inherited)",
				);
				INFOPLIST_FILE = FloatingHeadsTests/Info.plist;
				LD_RUNPATH_SEARCH_PATHS = "$(inherited) @executable_path/Frameworks @loader_path/Frameworks";
				PRODUCT_NAME = "$(TARGET_NAME)";
				TEST_HOST = "$(BUILT_PRODUCTS_DIR)/FloatingHeads.app/FloatingHeads";
			};
			name = Debug;
		};
		9C8BB7521B28B4F4003B7AFE /* Release */ = {
			isa = XCBuildConfiguration;
			buildSettings = {
				BUNDLE_LOADER = "$(TEST_HOST)";
				FRAMEWORK_SEARCH_PATHS = (
					"$(SDKROOT)/Developer/Library/Frameworks",
					"$(inherited)",
				);
				INFOPLIST_FILE = FloatingHeadsTests/Info.plist;
				LD_RUNPATH_SEARCH_PATHS = "$(inherited) @executable_path/Frameworks @loader_path/Frameworks";
				PRODUCT_NAME = "$(TARGET_NAME)";
				TEST_HOST = "$(BUILT_PRODUCTS_DIR)/FloatingHeads.app/FloatingHeads";
			};
			name = Release;
		};
/* End XCBuildConfiguration section */

/* Begin XCConfigurationList section */
		9C8BB7251B28B4F4003B7AFE /* Build configuration list for PBXProject "FloatingHeads" */ = {
			isa = XCConfigurationList;
			buildConfigurations = (
				9C8BB74B1B28B4F4003B7AFE /* Debug */,
				9C8BB74C1B28B4F4003B7AFE /* Release */,
			);
			defaultConfigurationIsVisible = 0;
			defaultConfigurationName = Release;
		};
		9C8BB74D1B28B4F4003B7AFE /* Build configuration list for PBXNativeTarget "FloatingHeads" */ = {
			isa = XCConfigurationList;
			buildConfigurations = (
				9C8BB74E1B28B4F4003B7AFE /* Debug */,
				9C8BB74F1B28B4F4003B7AFE /* Release */,
			);
			defaultConfigurationIsVisible = 0;
			defaultConfigurationName = Release;
		};
		9C8BB7501B28B4F4003B7AFE /* Build configuration list for PBXNativeTarget "FloatingHeadsTests" */ = {
			isa = XCConfigurationList;
			buildConfigurations = (
				9C8BB7511B28B4F4003B7AFE /* Debug */,
				9C8BB7521B28B4F4003B7AFE /* Release */,
			);
			defaultConfigurationIsVisible = 0;
			defaultConfigurationName = Release;
		};
/* End XCConfigurationList section */
	};
	rootObject = 9C8BB7221B28B4F4003B7AFE /* Project object */;
}
